
Microsoft Visual Studio Solution File, Format Version 12.00
# Visual Studio Version 17
VisualStudioVersion = 17.4.33110.190
MinimumVisualStudioVersion = 10.0.40219.1
Project("{FAE04EC0-301F-11D3-BF4B-00C04F79EFBC}") = "Devs2Blu.ProjetosAula.PrimeiroProjetoMVC", "src\Devs2Blu.ProjetosAula.PrimeiroProjetoMVC\Devs2Blu.ProjetosAula.PrimeiroProjetoMVC.csproj", "{A60F3963-7ADA-4401-9AA4-4B86BC8CD2B2}"
EndProject
Global
	GlobalSection(SolutionConfigurationPlatforms) = preSolution
		Debug|Any CPU = Debug|Any CPU
		Release|Any CPU = Release|Any CPU
	EndGlobalSection
	GlobalSection(ProjectConfigurationPlatforms) = postSolution
		{A60F3963-7ADA-4401-9AA4-4B86BC8CD2B2}.Debug|Any CPU.ActiveCfg = Debug|Any CPU
		{A60F3963-7ADA-4401-9AA4-4B86BC8CD2B2}.Debug|Any CPU.Build.0 = Debug|Any CPU
		{A60F3963-7ADA-4401-9AA4-4B86BC8CD2B2}.Release|Any CPU.ActiveCfg = Release|Any CPU
		{A60F3963-7ADA-4401-9AA4-4B86BC8CD2B2}.Release|Any CPU.Build.0 = Release|Any CPU
	EndGlobalSection
	GlobalSection(SolutionProperties) = preSolution
		HideSolutionNode = FALSE
	EndGlobalSection
	GlobalSection(ExtensibilityGlobals) = postSolution
		SolutionGuid = {8285D43A-56C0-4A37-A89D-30948A2E04C8}
	EndGlobalSection
EndGlobal
