
Microsoft Visual Studio Solution File, Format Version 12.00
# Visual Studio Version 17
VisualStudioVersion = 17.4.33110.190
MinimumVisualStudioVersion = 10.0.40219.1
Project("{FAE04EC0-301F-11D3-BF4B-00C04F79EFBC}") = "Devs2Blu.ProjetosAula.AtividadeConsumoApi", "src\Devs2Blu.ProjetosAula.AtividadeConsumoApi\Devs2Blu.ProjetosAula.AtividadeConsumoApi.csproj", "{CA070BF7-497D-41B6-BE98-62E4F8057710}"
EndProject
Global
	GlobalSection(SolutionConfigurationPlatforms) = preSolution
		Debug|Any CPU = Debug|Any CPU
		Release|Any CPU = Release|Any CPU
	EndGlobalSection
	GlobalSection(ProjectConfigurationPlatforms) = postSolution
		{CA070BF7-497D-41B6-BE98-62E4F8057710}.Debug|Any CPU.ActiveCfg = Debug|Any CPU
		{CA070BF7-497D-41B6-BE98-62E4F8057710}.Debug|Any CPU.Build.0 = Debug|Any CPU
		{CA070BF7-497D-41B6-BE98-62E4F8057710}.Release|Any CPU.ActiveCfg = Release|Any CPU
		{CA070BF7-497D-41B6-BE98-62E4F8057710}.Release|Any CPU.Build.0 = Release|Any CPU
	EndGlobalSection
	GlobalSection(SolutionProperties) = preSolution
		HideSolutionNode = FALSE
	EndGlobalSection
	GlobalSection(ExtensibilityGlobals) = postSolution
		SolutionGuid = {DBFECA0C-9ACB-4D2F-8DEB-73279A2FD558}
	EndGlobalSection
EndGlobal
