
Microsoft Visual Studio Solution File, Format Version 12.00
# Visual Studio Version 17
VisualStudioVersion = 17.4.33110.190
MinimumVisualStudioVersion = 10.0.40219.1
Project("{FAE04EC0-301F-11D3-BF4B-00C04F79EFBC}") = "Devs2Blu.ProjetosAula.MVCSQL.Web", "src\Devs2Blu.ProjetosAula.MVCSQL.Web\Devs2Blu.ProjetosAula.MVCSQL.Web.csproj", "{98AF16DB-488B-4DF3-8E5E-AD65FE1EEA08}"
EndProject
Global
	GlobalSection(SolutionConfigurationPlatforms) = preSolution
		Debug|Any CPU = Debug|Any CPU
		Release|Any CPU = Release|Any CPU
	EndGlobalSection
	GlobalSection(ProjectConfigurationPlatforms) = postSolution
		{98AF16DB-488B-4DF3-8E5E-AD65FE1EEA08}.Debug|Any CPU.ActiveCfg = Debug|Any CPU
		{98AF16DB-488B-4DF3-8E5E-AD65FE1EEA08}.Debug|Any CPU.Build.0 = Debug|Any CPU
		{98AF16DB-488B-4DF3-8E5E-AD65FE1EEA08}.Release|Any CPU.ActiveCfg = Release|Any CPU
		{98AF16DB-488B-4DF3-8E5E-AD65FE1EEA08}.Release|Any CPU.Build.0 = Release|Any CPU
	EndGlobalSection
	GlobalSection(SolutionProperties) = preSolution
		HideSolutionNode = FALSE
	EndGlobalSection
	GlobalSection(ExtensibilityGlobals) = postSolution
		SolutionGuid = {BD325149-0AE6-4DBF-9DC9-533C8137AA15}
	EndGlobalSection
EndGlobal
