
Microsoft Visual Studio Solution File, Format Version 12.00
# Visual Studio Version 17
VisualStudioVersion = 17.3.32825.248
MinimumVisualStudioVersion = 10.0.40219.1
Project("{FAE04EC0-301F-11D3-BF4B-00C04F79EFBC}") = "CursoDev2Blu.ProjetosAulas.ProjetoAula2", "CursoDev2Blu.ProjetosAulas.ProjetoAula2\CursoDev2Blu.ProjetosAulas.ProjetoAula2.csproj", "{3FB23CA8-889A-4393-970F-75ED1D1D4103}"
EndProject
Global
	GlobalSection(SolutionConfigurationPlatforms) = preSolution
		Debug|Any CPU = Debug|Any CPU
		Release|Any CPU = Release|Any CPU
	EndGlobalSection
	GlobalSection(ProjectConfigurationPlatforms) = postSolution
		{3FB23CA8-889A-4393-970F-75ED1D1D4103}.Debug|Any CPU.ActiveCfg = Debug|Any CPU
		{3FB23CA8-889A-4393-970F-75ED1D1D4103}.Debug|Any CPU.Build.0 = Debug|Any CPU
		{3FB23CA8-889A-4393-970F-75ED1D1D4103}.Release|Any CPU.ActiveCfg = Release|Any CPU
		{3FB23CA8-889A-4393-970F-75ED1D1D4103}.Release|Any CPU.Build.0 = Release|Any CPU
	EndGlobalSection
	GlobalSection(SolutionProperties) = preSolution
		HideSolutionNode = FALSE
	EndGlobalSection
	GlobalSection(ExtensibilityGlobals) = postSolution
		SolutionGuid = {C3922635-456C-4CD7-AB43-8FAFD42E16BA}
	EndGlobalSection
EndGlobal
