
Microsoft Visual Studio Solution File, Format Version 12.00
# Visual Studio Version 17
VisualStudioVersion = 17.3.32825.248
MinimumVisualStudioVersion = 10.0.40219.1
Project("{FAE04EC0-301F-11D3-BF4B-00C04F79EFBC}") = "Devs2Blu.ProjetosAula6.Loops", "src\Devs2Blu.ProjetosAula6.Loops\Devs2Blu.ProjetosAula6.Loops.csproj", "{D58B1C3D-AD7C-4F6A-BB79-56B009FC23F3}"
EndProject
Global
	GlobalSection(SolutionConfigurationPlatforms) = preSolution
		Debug|Any CPU = Debug|Any CPU
		Release|Any CPU = Release|Any CPU
	EndGlobalSection
	GlobalSection(ProjectConfigurationPlatforms) = postSolution
		{D58B1C3D-AD7C-4F6A-BB79-56B009FC23F3}.Debug|Any CPU.ActiveCfg = Debug|Any CPU
		{D58B1C3D-AD7C-4F6A-BB79-56B009FC23F3}.Debug|Any CPU.Build.0 = Debug|Any CPU
		{D58B1C3D-AD7C-4F6A-BB79-56B009FC23F3}.Release|Any CPU.ActiveCfg = Release|Any CPU
		{D58B1C3D-AD7C-4F6A-BB79-56B009FC23F3}.Release|Any CPU.Build.0 = Release|Any CPU
	EndGlobalSection
	GlobalSection(SolutionProperties) = preSolution
		HideSolutionNode = FALSE
	EndGlobalSection
	GlobalSection(ExtensibilityGlobals) = postSolution
		SolutionGuid = {AB190235-6EDD-436D-A5BE-5A4A479DA4DA}
	EndGlobalSection
EndGlobal
